# This file was autogenerated by uv via the following command:
#    uv pip compile --no-deps --universal --python-version 3.12 --generate-hashes -o requirements-openwakeword.lock requirements-openwakeword.txt
openwakeword==0.6.0 \
    --hash=sha256:36858d90f1183e307485597a912a4e3c3384b14ea9923f83feaffae7c1565565 \
    --hash=sha256:6f423a4e3ae9dd0e3cd12b50ff8abf69679f687b4ab349d7c82c021c0e2abc9d
    # via -r requirements-openwakeword.txt
